// !$*UTF8*$!
{
	archiveVersion = 1;
	classes = {
	};
	objectVersion = 46;
	objects = {

/* Begin PBXBuildFile section */
		282D490F1C18A2B100C1E43C /* MasaViewController.swift in Sources */ = {isa = PBXBuildFile; fileRef = 282D490E1C18A2B100C1E43C /* MasaViewController.swift */; };
		283843FB1C19A58300440B8D /* QuesoViewController.swift in Sources */ = {isa = PBXBuildFile; fileRef = 283843FA1C19A58300440B8D /* QuesoViewController.swift */; };
		286239F01C19DAE4002184B7 /* IngredientesViewController.swift in Sources */ = {isa = PBXBuildFile; fileRef = 286239EF1C19DAE4002184B7 /* IngredientesViewController.swift */; };
		28D47F311C1729ED004FB1C2 /* AppDelegate.swift in Sources */ = {isa = PBXBuildFile; fileRef = 28D47F301C1729ED004FB1C2 /* AppDelegate.swift */; };
		28D47F331C1729ED004FB1C2 /* ViewController.swift in Sources */ = {isa = PBXBuildFile; fileRef = 28D47F321C1729ED004FB1C2 /* ViewController.swift */; };
		28D47F361C1729ED004FB1C2 /* Main.storyboard in Resources */ = {isa = PBXBuildFile; fileRef = 28D47F341C1729ED004FB1C2 /* Main.storyboard */; };
		28D47F381C1729ED004FB1C2 /* Images.xcassets in Resources */ = {isa = PBXBuildFile; fileRef = 28D47F371C1729ED004FB1C2 /* Images.xcassets */; };
		28D47F3B1C1729ED004FB1C2 /* LaunchScreen.xib in Resources */ = {isa = PBXBuildFile; fileRef = 28D47F391C1729ED004FB1C2 /* LaunchScreen.xib */; };
		28D47F471C1729ED004FB1C2 /* pizzasTests.swift in Sources */ = {isa = PBXBuildFile; fileRef = 28D47F461C1729ED004FB1C2 /* pizzasTests.swift */; };
		28DC8EF81C19E4E80067BEF6 /* ConfirmViewController.swift in Sources */ = {isa = PBXBuildFile; fileRef = 28DC8EF71C19E4E80067BEF6 /* ConfirmViewController.swift */; };
/* End PBXBuildFile section */

/* Begin PBXContainerItemProxy section */
		28D47F411C1729ED004FB1C2 /* PBXContainerItemProxy */ = {
			isa = PBXContainerItemProxy;
			containerPortal = 28D47F231C1729ED004FB1C2 /* Project object */;
			proxyType = 1;
			remoteGlobalIDString = 28D47F2A1C1729ED004FB1C2;
			remoteInfo = pizzas;
		};
/* End PBXContainerItemProxy section */

/* Begin PBXFileReference section */
		282D490E1C18A2B100C1E43C /* MasaViewController.swift */ = {isa = PBXFileReference; fileEncoding = 4; lastKnownFileType = sourcecode.swift; path = MasaViewController.swift; sourceTree = "<group>"; };
		283843FA1C19A58300440B8D /* QuesoViewController.swift */ = {isa = PBXFileReference; fileEncoding = 4; lastKnownFileType = sourcecode.swift; path = QuesoViewController.swift; sourceTree = "<group>"; };
		286239EF1C19DAE4002184B7 /* IngredientesViewController.swift */ = {isa = PBXFileReference; fileEncoding = 4; lastKnownFileType = sourcecode.swift; path = IngredientesViewController.swift; sourceTree = "<group>"; };
		28D47F2B1C1729ED004FB1C2 /* pizzas.app */ = {isa = PBXFileReference; explicitFileType = wrapper.application; includeInIndex = 0; path = pizzas.app; sourceTree = BUILT_PRODUCTS_DIR; };
		28D47F2F1C1729ED004FB1C2 /* Info.plist */ = {isa = PBXFileReference; lastKnownFileType = text.plist.xml; path = Info.plist; sourceTree = "<group>"; };
		28D47F301C1729ED004FB1C2 /* AppDelegate.swift */ = {isa = PBXFileReference; lastKnownFileType = sourcecode.swift; path = AppDelegate.swift; sourceTree = "<group>"; };
		28D47F321C1729ED004FB1C2 /* ViewController.swift */ = {isa = PBXFileReference; lastKnownFileType = sourcecode.swift; path = ViewController.swift; sourceTree = "<group>"; };
		28D47F351C1729ED004FB1C2 /* Base */ = {isa = PBXFileReference; lastKnownFileType = file.storyboard; name = Base; path = Base.lproj/Main.storyboard; sourceTree = "<group>"; };
		28D47F371C1729ED004FB1C2 /* Images.xcassets */ = {isa = PBXFileReference; lastKnownFileType = folder.assetcatalog; path = Images.xcassets; sourceTree = "<group>"; };
		28D47F3A1C1729ED004FB1C2 /* Base */ = {isa = PBXFileReference; lastKnownFileType = file.xib; name = Base; path = Base.lproj/LaunchScreen.xib; sourceTree = "<group>"; };
		28D47F401C1729ED004FB1C2 /* pizzasTests.xctest */ = {isa = PBXFileReference; explicitFileType = wrapper.cfbundle; includeInIndex = 0; path = pizzasTests.xctest; sourceTree = BUILT_PRODUCTS_DIR; };
		28D47F451C1729ED004FB1C2 /* Info.plist */ = {isa = PBXFileReference; lastKnownFileType = text.plist.xml; path = Info.plist; sourceTree = "<group>"; };
		28D47F461C1729ED004FB1C2 /* pizzasTests.swift */ = {isa = PBXFileReference; lastKnownFileType = sourcecode.swift; path = pizzasTests.swift; sourceTree = "<group>"; };
		28DC8EF71C19E4E80067BEF6 /* ConfirmViewController.swift */ = {isa = PBXFileReference; fileEncoding = 4; lastKnownFileType = sourcecode.swift; path = ConfirmViewController.swift; sourceTree = "<group>"; };
/* End PBXFileReference section */

/* Begin PBXFrameworksBuildPhase section */
		28D47F281C1729ED004FB1C2 /* Frameworks */ = {
			isa = PBXFrameworksBuildPhase;
			buildActionMask = 2147483647;
			files = (
			);
			runOnlyForDeploymentPostprocessing = 0;
		};
		28D47F3D1C1729ED004FB1C2 /* Frameworks */ = {
			isa = PBXFrameworksBuildPhase;
			buildActionMask = 2147483647;
			files = (
			);
			runOnlyForDeploymentPostprocessing = 0;
		};
/* End PBXFrameworksBuildPhase section */

/* Begin PBXGroup section */
		28D47F221C1729ED004FB1C2 = {
			isa = PBXGroup;
			children = (
				28D47F2D1C1729ED004FB1C2 /* pizzas */,
				28D47F431C1729ED004FB1C2 /* pizzasTests */,
				28D47F2C1C1729ED004FB1C2 /* Products */,
			);
			sourceTree = "<group>";
		};
		28D47F2C1C1729ED004FB1C2 /* Products */ = {
			isa = PBXGroup;
			children = (
				28D47F2B1C1729ED004FB1C2 /* pizzas.app */,
				28D47F401C1729ED004FB1C2 /* pizzasTests.xctest */,
			);
			name = Products;
			sourceTree = "<group>";
		};
		28D47F2D1C1729ED004FB1C2 /* pizzas */ = {
			isa = PBXGroup;
			children = (
				28D47F301C1729ED004FB1C2 /* AppDelegate.swift */,
				28D47F321C1729ED004FB1C2 /* ViewController.swift */,
				28D47F341C1729ED004FB1C2 /* Main.storyboard */,
				28D47F371C1729ED004FB1C2 /* Images.xcassets */,
				28D47F391C1729ED004FB1C2 /* LaunchScreen.xib */,
				28D47F2E1C1729ED004FB1C2 /* Supporting Files */,
				282D490E1C18A2B100C1E43C /* MasaViewController.swift */,
				283843FA1C19A58300440B8D /* QuesoViewController.swift */,
				286239EF1C19DAE4002184B7 /* IngredientesViewController.swift */,
				28DC8EF71C19E4E80067BEF6 /* ConfirmViewController.swift */,
			);
			path = pizzas;
			sourceTree = "<group>";
		};
		28D47F2E1C1729ED004FB1C2 /* Supporting Files */ = {
			isa = PBXGroup;
			children = (
				28D47F2F1C1729ED004FB1C2 /* Info.plist */,
			);
			name = "Supporting Files";
			sourceTree = "<group>";
		};
		28D47F431C1729ED004FB1C2 /* pizzasTests */ = {
			isa = PBXGroup;
			children = (
				28D47F461C1729ED004FB1C2 /* pizzasTests.swift */,
				28D47F441C1729ED004FB1C2 /* Supporting Files */,
			);
			path = pizzasTests;
			sourceTree = "<group>";
		};
		28D47F441C1729ED004FB1C2 /* Supporting Files */ = {
			isa = PBXGroup;
			children = (
				28D47F451C1729ED004FB1C2 /* Info.plist */,
			);
			name = "Supporting Files";
			sourceTree = "<group>";
		};
/* End PBXGroup section */

/* Begin PBXNativeTarget section */
		28D47F2A1C1729ED004FB1C2 /* pizzas */ = {
			isa = PBXNativeTarget;
			buildConfigurationList = 28D47F4A1C1729ED004FB1C2 /* Build configuration list for PBXNativeTarget "pizzas" */;
			buildPhases = (
				28D47F271C1729ED004FB1C2 /* Sources */,
				28D47F281C1729ED004FB1C2 /* Frameworks */,
				28D47F291C1729ED004FB1C2 /* Resources */,
			);
			buildRules = (
			);
			dependencies = (
			);
			name = pizzas;
			productName = pizzas;
			productReference = 28D47F2B1C1729ED004FB1C2 /* pizzas.app */;
			productType = "com.apple.product-type.application";
		};
		28D47F3F1C1729ED004FB1C2 /* pizzasTests */ = {
			isa = PBXNativeTarget;
			buildConfigurationList = 28D47F4D1C1729ED004FB1C2 /* Build configuration list for PBXNativeTarget "pizzasTests" */;
			buildPhases = (
				28D47F3C1C1729ED004FB1C2 /* Sources */,
				28D47F3D1C1729ED004FB1C2 /* Frameworks */,
				28D47F3E1C1729ED004FB1C2 /* Resources */,
			);
			buildRules = (
			);
			dependencies = (
				28D47F421C1729ED004FB1C2 /* PBXTargetDependency */,
			);
			name = pizzasTests;
			productName = pizzasTests;
			productReference = 28D47F401C1729ED004FB1C2 /* pizzasTests.xctest */;
			productType = "com.apple.product-type.bundle.unit-test";
		};
/* End PBXNativeTarget section */

/* Begin PBXProject section */
		28D47F231C1729ED004FB1C2 /* Project object */ = {
			isa = PBXProject;
			attributes = {
				LastUpgradeCheck = 0640;
				ORGANIZATIONNAME = olver;
				TargetAttributes = {
					28D47F2A1C1729ED004FB1C2 = {
						CreatedOnToolsVersion = 6.4;
					};
					28D47F3F1C1729ED004FB1C2 = {
						CreatedOnToolsVersion = 6.4;
						TestTargetID = 28D47F2A1C1729ED004FB1C2;
					};
				};
			};
			buildConfigurationList = 28D47F261C1729ED004FB1C2 /* Build configuration list for PBXProject "pizzas" */;
			compatibilityVersion = "Xcode 3.2";
			developmentRegion = English;
			hasScannedForEncodings = 0;
			knownRegions = (
				en,
				Base,
			);
			mainGroup = 28D47F221C1729ED004FB1C2;
			productRefGroup = 28D47F2C1C1729ED004FB1C2 /* Products */;
			projectDirPath = "";
			projectRoot = "";
			targets = (
				28D47F2A1C1729ED004FB1C2 /* pizzas */,
				28D47F3F1C1729ED004FB1C2 /* pizzasTests */,
			);
		};
/* End PBXProject section */

/* Begin PBXResourcesBuildPhase section */
		28D47F291C1729ED004FB1C2 /* Resources */ = {
			isa = PBXResourcesBuildPhase;
			buildActionMask = 2147483647;
			files = (
				28D47F361C1729ED004FB1C2 /* Main.storyboard in Resources */,
				28D47F3B1C1729ED004FB1C2 /* LaunchScreen.xib in Resources */,
				28D47F381C1729ED004FB1C2 /* Images.xcassets in Resources */,
			);
			runOnlyForDeploymentPostprocessing = 0;
		};
		28D47F3E1C1729ED004FB1C2 /* Resources */ = {
			isa = PBXResourcesBuildPhase;
			buildActionMask = 2147483647;
			files = (
			);
			runOnlyForDeploymentPostprocessing = 0;
		};
/* End PBXResourcesBuildPhase section */

/* Begin PBXSourcesBuildPhase section */
		28D47F271C1729ED004FB1C2 /* Sources */ = {
			isa = PBXSourcesBuildPhase;
			buildActionMask = 2147483647;
			files = (
				283843FB1C19A58300440B8D /* QuesoViewController.swift in Sources */,
				282D490F1C18A2B100C1E43C /* MasaViewController.swift in Sources */,
				286239F01C19DAE4002184B7 /* IngredientesViewController.swift in Sources */,
				28DC8EF81C19E4E80067BEF6 /* ConfirmViewController.swift in Sources */,
				28D47F331C1729ED004FB1C2 /* ViewController.swift in Sources */,
				28D47F311C1729ED004FB1C2 /* AppDelegate.swift in Sources */,
			);
			runOnlyForDeploymentPostprocessing = 0;
		};
		28D47F3C1C1729ED004FB1C2 /* Sources */ = {
			isa = PBXSourcesBuildPhase;
			buildActionMask = 2147483647;
			files = (
				28D47F471C1729ED004FB1C2 /* pizzasTests.swift in Sources */,
			);
			runOnlyForDeploymentPostprocessing = 0;
		};
/* End PBXSourcesBuildPhase section */

/* Begin PBXTargetDependency section */
		28D47F421C1729ED004FB1C2 /* PBXTargetDependency */ = {
			isa = PBXTargetDependency;
			target = 28D47F2A1C1729ED004FB1C2 /* pizzas */;
			targetProxy = 28D47F411C1729ED004FB1C2 /* PBXContainerItemProxy */;
		};
/* End PBXTargetDependency section */

/* Begin PBXVariantGroup section */
		28D47F341C1729ED004FB1C2 /* Main.storyboard */ = {
			isa = PBXVariantGroup;
			children = (
				28D47F351C1729ED004FB1C2 /* Base */,
			);
			name = Main.storyboard;
			sourceTree = "<group>";
		};
		28D47F391C1729ED004FB1C2 /* LaunchScreen.xib */ = {
			isa = PBXVariantGroup;
			children = (
				28D47F3A1C1729ED004FB1C2 /* Base */,
			);
			name = LaunchScreen.xib;
			sourceTree = "<group>";
		};
/* End PBXVariantGroup section */

/* Begin XCBuildConfiguration section */
		28D47F481C1729ED004FB1C2 /* Debug */ = {
			isa = XCBuildConfiguration;
			buildSettings = {
				ALWAYS_SEARCH_USER_PATHS = NO;
				CLANG_CXX_LANGUAGE_STANDARD = "gnu++0x";
				CLANG_CXX_LIBRARY = "libc++";
				CLANG_ENABLE_MODULES = YES;
				CLANG_ENABLE_OBJC_ARC = YES;
				CLANG_WARN_BOOL_CONVERSION = YES;
				CLANG_WARN_CONSTANT_CONVERSION = YES;
				CLANG_WARN_DIRECT_OBJC_ISA_USAGE = YES_ERROR;
				CLANG_WARN_EMPTY_BODY = YES;
				CLANG_WARN_ENUM_CONVERSION = YES;
				CLANG_WARN_INT_CONVERSION = YES;
				CLANG_WARN_OBJC_ROOT_CLASS = YES_ERROR;
				CLANG_WARN_UNREACHABLE_CODE = YES;
				CLANG_WARN__DUPLICATE_METHOD_MATCH = YES;
				"CODE_SIGN_IDENTITY[sdk=iphoneos*]" = "iPhone Developer";
				COPY_PHASE_STRIP = NO;
				DEBUG_INFORMATION_FORMAT = "dwarf-with-dsym";
				ENABLE_STRICT_OBJC_MSGSEND = YES;
				GCC_C_LANGUAGE_STANDARD = gnu99;
				GCC_DYNAMIC_NO_PIC = NO;
				GCC_NO_COMMON_BLOCKS = YES;
				GCC_OPTIMIZATION_LEVEL = 0;
				GCC_PREPROCESSOR_DEFINITIONS = (
					"DEBUG=1",
					"$(inherited)",
				);
				GCC_SYMBOLS_PRIVATE_EXTERN = NO;
				GCC_WARN_64_TO_32_BIT_CONVERSION = YES;
				GCC_WARN_ABOUT_RETURN_TYPE = YES_ERROR;
				GCC_WARN_UNDECLARED_SELECTOR = YES;
				GCC_WARN_UNINITIALIZED_AUTOS = YES_AGGRESSIVE;
				GCC_WARN_UNUSED_FUNCTION = YES;
				GCC_WARN_UNUSED_VARIABLE = YES;
				IPHONEOS_DEPLOYMENT_TARGET = 8.4;
				MTL_ENABLE_DEBUG_INFO = YES;
				ONLY_ACTIVE_ARCH = YES;
				SDKROOT = iphoneos;
				SWIFT_OPTIMIZATION_LEVEL = "-Onone";
			};
			name = Debug;
		};
		28D47F491C1729ED004FB1C2 /* Release */ = {
			isa = XCBuildConfiguration;
			buildSettings = {
				ALWAYS_SEARCH_USER_PATHS = NO;
				CLANG_CXX_LANGUAGE_STANDARD = "gnu++0x";
				CLANG_CXX_LIBRARY = "libc++";
				CLANG_ENABLE_MODULES = YES;
				CLANG_ENABLE_OBJC_ARC = YES;
				CLANG_WARN_BOOL_CONVERSION = YES;
				CLANG_WARN_CONSTANT_CONVERSION = YES;
				CLANG_WARN_DIRECT_OBJC_ISA_USAGE = YES_ERROR;
				CLANG_WARN_EMPTY_BODY = YES;
				CLANG_WARN_ENUM_CONVERSION = YES;
				CLANG_WARN_INT_CONVERSION = YES;
				CLANG_WARN_OBJC_ROOT_CLASS = YES_ERROR;
				CLANG_WARN_UNREACHABLE_CODE = YES;
				CLANG_WARN__DUPLICATE_METHOD_MATCH = YES;
				"CODE_SIGN_IDENTITY[sdk=iphoneos*]" = "iPhone Developer";
				COPY_PHASE_STRIP = NO;
				DEBUG_INFORMATION_FORMAT = "dwarf-with-dsym";
				ENABLE_NS_ASSERTIONS = NO;
				ENABLE_STRICT_OBJC_MSGSEND = YES;
				GCC_C_LANGUAGE_STANDARD = gnu99;
				GCC_NO_COMMON_BLOCKS = YES;
				GCC_WARN_64_TO_32_BIT_CONVERSION = YES;
				GCC_WARN_ABOUT_RETURN_TYPE = YES_ERROR;
				GCC_WARN_UNDECLARED_SELECTOR = YES;
				GCC_WARN_UNINITIALIZED_AUTOS = YES_AGGRESSIVE;
				GCC_WARN_UNUSED_FUNCTION = YES;
				GCC_WARN_UNUSED_VARIABLE = YES;
				IPHONEOS_DEPLOYMENT_TARGET = 8.4;
				MTL_ENABLE_DEBUG_INFO = NO;
				SDKROOT = iphoneos;
				VALIDATE_PRODUCT = YES;
			};
			name = Release;
		};
		28D47F4B1C1729ED004FB1C2 /* Debug */ = {
			isa = XCBuildConfiguration;
			buildSettings = {
				ASSETCATALOG_COMPILER_APPICON_NAME = AppIcon;
				INFOPLIST_FILE = pizzas/Info.plist;
				LD_RUNPATH_SEARCH_PATHS = "$(inherited) @executable_path/Frameworks";
				PRODUCT_NAME = "$(TARGET_NAME)";
			};
			name = Debug;
		};
		28D47F4C1C1729ED004FB1C2 /* Release */ = {
			isa = XCBuildConfiguration;
			buildSettings = {
				ASSETCATALOG_COMPILER_APPICON_NAME = AppIcon;
				INFOPLIST_FILE = pizzas/Info.plist;
				LD_RUNPATH_SEARCH_PATHS = "$(inherited) @executable_path/Frameworks";
				PRODUCT_NAME = "$(TARGET_NAME)";
			};
			name = Release;
		};
		28D47F4E1C1729ED004FB1C2 /* Debug */ = {
			isa = XCBuildConfiguration;
			buildSettings = {
				BUNDLE_LOADER = "$(TEST_HOST)";
				FRAMEWORK_SEARCH_PATHS = (
					"$(SDKROOT)/Developer/Library/Frameworks",
					"$(inherited)",
				);
				GCC_PREPROCESSOR_DEFINITIONS = (
					"DEBUG=1",
					"$(inherited)",
				);
				INFOPLIST_FILE = pizzasTests/Info.plist;
				LD_RUNPATH_SEARCH_PATHS = "$(inherited) @executable_path/Frameworks @loader_path/Frameworks";
				PRODUCT_NAME = "$(TARGET_NAME)";
				TEST_HOST = "$(BUILT_PRODUCTS_DIR)/pizzas.app/pizzas";
			};
			name = Debug;
		};
		28D47F4F1C1729ED004FB1C2 /* Release */ = {
			isa = XCBuildConfiguration;
			buildSettings = {
				BUNDLE_LOADER = "$(TEST_HOST)";
				FRAMEWORK_SEARCH_PATHS = (
					"$(SDKROOT)/Developer/Library/Frameworks",
					"$(inherited)",
				);
				INFOPLIST_FILE = pizzasTests/Info.plist;
				LD_RUNPATH_SEARCH_PATHS = "$(inherited) @executable_path/Frameworks @loader_path/Frameworks";
				PRODUCT_NAME = "$(TARGET_NAME)";
				TEST_HOST = "$(BUILT_PRODUCTS_DIR)/pizzas.app/pizzas";
			};
			name = Release;
		};
/* End XCBuildConfiguration section */

/* Begin XCConfigurationList section */
		28D47F261C1729ED004FB1C2 /* Build configuration list for PBXProject "pizzas" */ = {
			isa = XCConfigurationList;
			buildConfigurations = (
				28D47F481C1729ED004FB1C2 /* Debug */,
				28D47F491C1729ED004FB1C2 /* Release */,
			);
			defaultConfigurationIsVisible = 0;
			defaultConfigurationName = Release;
		};
		28D47F4A1C1729ED004FB1C2 /* Build configuration list for PBXNativeTarget "pizzas" */ = {
			isa = XCConfigurationList;
			buildConfigurations = (
				28D47F4B1C1729ED004FB1C2 /* Debug */,
				28D47F4C1C1729ED004FB1C2 /* Release */,
			);
			defaultConfigurationIsVisible = 0;
			defaultConfigurationName = Release;
		};
		28D47F4D1C1729ED004FB1C2 /* Build configuration list for PBXNativeTarget "pizzasTests" */ = {
			isa = XCConfigurationList;
			buildConfigurations = (
				28D47F4E1C1729ED004FB1C2 /* Debug */,
				28D47F4F1C1729ED004FB1C2 /* Release */,
			);
			defaultConfigurationIsVisible = 0;
			defaultConfigurationName = Release;
		};
/* End XCConfigurationList section */
	};
	rootObject = 28D47F231C1729ED004FB1C2 /* Project object */;
}
